
Microsoft Visual Studio Solution File, Format Version 12.00
# Visual Studio 15
VisualStudioVersion = 15.0.28307.421
MinimumVisualStudioVersion = 10.0.40219.1
Project("{FAE04EC0-301F-11D3-BF4B-00C04F79EFBC}") = "DataDrivenTests", "DataDrivenTests\DataDrivenTests.csproj", "{8A814669-D9B7-430E-B1B0-3754D02A598E}"
EndProject
Project("{FAE04EC0-301F-11D3-BF4B-00C04F79EFBC}") = "Money", "Money\Money.csproj", "{F1859D82-D8DE-4938-B74E-7C4F1CEA3012}"
EndProject
Global
	GlobalSection(SolutionConfigurationPlatforms) = preSolution
		Debug|Any CPU = Debug|Any CPU
		Release|Any CPU = Release|Any CPU
	EndGlobalSection
	GlobalSection(ProjectConfigurationPlatforms) = postSolution
		{8A814669-D9B7-430E-B1B0-3754D02A598E}.Debug|Any CPU.ActiveCfg = Debug|Any CPU
		{8A814669-D9B7-430E-B1B0-3754D02A598E}.Debug|Any CPU.Build.0 = Debug|Any CPU
		{8A814669-D9B7-430E-B1B0-3754D02A598E}.Release|Any CPU.ActiveCfg = Release|Any CPU
		{8A814669-D9B7-430E-B1B0-3754D02A598E}.Release|Any CPU.Build.0 = Release|Any CPU
		{F1859D82-D8DE-4938-B74E-7C4F1CEA3012}.Debug|Any CPU.ActiveCfg = Debug|Any CPU
		{F1859D82-D8DE-4938-B74E-7C4F1CEA3012}.Debug|Any CPU.Build.0 = Debug|Any CPU
		{F1859D82-D8DE-4938-B74E-7C4F1CEA3012}.Release|Any CPU.ActiveCfg = Release|Any CPU
		{F1859D82-D8DE-4938-B74E-7C4F1CEA3012}.Release|Any CPU.Build.0 = Release|Any CPU
	EndGlobalSection
	GlobalSection(SolutionProperties) = preSolution
		HideSolutionNode = FALSE
	EndGlobalSection
	GlobalSection(ExtensibilityGlobals) = postSolution
		SolutionGuid = {E76A692A-4DBD-4F14-8B7B-103CF73EAB3D}
	EndGlobalSection
EndGlobal
